
Microsoft Visual Studio Solution File, Format Version 12.00
# Visual Studio 14
VisualStudioVersion = 14.0.25420.1
MinimumVisualStudioVersion = 10.0.40219.1
Project("{8BC9CEB8-8B4A-11D0-8D11-00A0C91BC942}") = "shuzi", "Project1\Project1.vcxproj", "{0D764D83-2808-4992-81F4-FF7E027E560A}"
EndProject
Project("{8BC9CEB8-8B4A-11D0-8D11-00A0C91BC942}") = "jitu", "Project2\Project2.vcxproj", "{01BC53BA-7F63-4A5B-ABE5-18E2F7B36131}"
EndProject
Project("{8BC9CEB8-8B4A-11D0-8D11-00A0C91BC942}") = "Project3", "Project3\Project3.vcxproj", "{A6158793-2EB1-4033-8663-9644D526B0E4}"
EndProject
Project("{8BC9CEB8-8B4A-11D0-8D11-00A0C91BC942}") = "Project4", "Project4\Project4.vcxproj", "{914BBB5E-C4BA-46DC-8ABA-491EF7B75D5C}"
EndProject
Project("{8BC9CEB8-8B4A-11D0-8D11-00A0C91BC942}") = "Project5", "Project5\Project5.vcxproj", "{918D533C-8324-4167-8551-6336FB5BF271}"
EndProject
Project("{8BC9CEB8-8B4A-11D0-8D11-00A0C91BC942}") = "113-9", "113-9\113-9.vcxproj", "{F9C8878A-C0F8-4782-B0A8-89567FF2E712}"
EndProject
Project("{8BC9CEB8-8B4A-11D0-8D11-00A0C91BC942}") = "138", "138\138.vcxproj", "{880E8685-1BD7-4001-8171-25E82DE32A91}"
EndProject
Project("{8BC9CEB8-8B4A-11D0-8D11-00A0C91BC942}") = "4.8", "4.8\4.8.vcxproj", "{91526804-4024-4038-AAB3-67E33D1DD347}"
EndProject
Project("{8BC9CEB8-8B4A-11D0-8D11-00A0C91BC942}") = "139-5.8", "139-5.8\139-5.8.vcxproj", "{81A5EB19-2D30-4D1C-A561-51188890A276}"
EndProject
Project("{8BC9CEB8-8B4A-11D0-8D11-00A0C91BC942}") = "shuzu", "shuzu\shuzu.vcxproj", "{B7041541-888F-4E89-909E-E3D41382E26E}"
EndProject
Project("{8BC9CEB8-8B4A-11D0-8D11-00A0C91BC942}") = "oj5.4", "oj5.4\oj5.4.vcxproj", "{1F07EBE3-6D07-45F7-B1BE-34E3F32C4F0E}"
EndProject
Global
	GlobalSection(SolutionConfigurationPlatforms) = preSolution
		Debug|x64 = Debug|x64
		Debug|x86 = Debug|x86
		Release|x64 = Release|x64
		Release|x86 = Release|x86
	EndGlobalSection
	GlobalSection(ProjectConfigurationPlatforms) = postSolution
		{0D764D83-2808-4992-81F4-FF7E027E560A}.Debug|x64.ActiveCfg = Debug|x64
		{0D764D83-2808-4992-81F4-FF7E027E560A}.Debug|x64.Build.0 = Debug|x64
		{0D764D83-2808-4992-81F4-FF7E027E560A}.Debug|x86.ActiveCfg = Debug|Win32
		{0D764D83-2808-4992-81F4-FF7E027E560A}.Debug|x86.Build.0 = Debug|Win32
		{0D764D83-2808-4992-81F4-FF7E027E560A}.Release|x64.ActiveCfg = Release|x64
		{0D764D83-2808-4992-81F4-FF7E027E560A}.Release|x64.Build.0 = Release|x64
		{0D764D83-2808-4992-81F4-FF7E027E560A}.Release|x86.ActiveCfg = Release|Win32
		{0D764D83-2808-4992-81F4-FF7E027E560A}.Release|x86.Build.0 = Release|Win32
		{01BC53BA-7F63-4A5B-ABE5-18E2F7B36131}.Debug|x64.ActiveCfg = Debug|x64
		{01BC53BA-7F63-4A5B-ABE5-18E2F7B36131}.Debug|x64.Build.0 = Debug|x64
		{01BC53BA-7F63-4A5B-ABE5-18E2F7B36131}.Debug|x86.ActiveCfg = Debug|Win32
		{01BC53BA-7F63-4A5B-ABE5-18E2F7B36131}.Debug|x86.Build.0 = Debug|Win32
		{01BC53BA-7F63-4A5B-ABE5-18E2F7B36131}.Release|x64.ActiveCfg = Release|x64
		{01BC53BA-7F63-4A5B-ABE5-18E2F7B36131}.Release|x64.Build.0 = Release|x64
		{01BC53BA-7F63-4A5B-ABE5-18E2F7B36131}.Release|x86.ActiveCfg = Release|Win32
		{01BC53BA-7F63-4A5B-ABE5-18E2F7B36131}.Release|x86.Build.0 = Release|Win32
		{A6158793-2EB1-4033-8663-9644D526B0E4}.Debug|x64.ActiveCfg = Debug|x64
		{A6158793-2EB1-4033-8663-9644D526B0E4}.Debug|x64.Build.0 = Debug|x64
		{A6158793-2EB1-4033-8663-9644D526B0E4}.Debug|x86.ActiveCfg = Debug|Win32
		{A6158793-2EB1-4033-8663-9644D526B0E4}.Debug|x86.Build.0 = Debug|Win32
		{A6158793-2EB1-4033-8663-9644D526B0E4}.Release|x64.ActiveCfg = Release|x64
		{A6158793-2EB1-4033-8663-9644D526B0E4}.Release|x64.Build.0 = Release|x64
		{A6158793-2EB1-4033-8663-9644D526B0E4}.Release|x86.ActiveCfg = Release|Win32
		{A6158793-2EB1-4033-8663-9644D526B0E4}.Release|x86.Build.0 = Release|Win32
		{914BBB5E-C4BA-46DC-8ABA-491EF7B75D5C}.Debug|x64.ActiveCfg = Debug|x64
		{914BBB5E-C4BA-46DC-8ABA-491EF7B75D5C}.Debug|x64.Build.0 = Debug|x64
		{914BBB5E-C4BA-46DC-8ABA-491EF7B75D5C}.Debug|x86.ActiveCfg = Debug|Win32
		{914BBB5E-C4BA-46DC-8ABA-491EF7B75D5C}.Debug|x86.Build.0 = Debug|Win32
		{914BBB5E-C4BA-46DC-8ABA-491EF7B75D5C}.Release|x64.ActiveCfg = Release|x64
		{914BBB5E-C4BA-46DC-8ABA-491EF7B75D5C}.Release|x64.Build.0 = Release|x64
		{914BBB5E-C4BA-46DC-8ABA-491EF7B75D5C}.Release|x86.ActiveCfg = Release|Win32
		{914BBB5E-C4BA-46DC-8ABA-491EF7B75D5C}.Release|x86.Build.0 = Release|Win32
		{918D533C-8324-4167-8551-6336FB5BF271}.Debug|x64.ActiveCfg = Debug|x64
		{918D533C-8324-4167-8551-6336FB5BF271}.Debug|x64.Build.0 = Debug|x64
		{918D533C-8324-4167-8551-6336FB5BF271}.Debug|x86.ActiveCfg = Debug|Win32
		{918D533C-8324-4167-8551-6336FB5BF271}.Debug|x86.Build.0 = Debug|Win32
		{918D533C-8324-4167-8551-6336FB5BF271}.Release|x64.ActiveCfg = Release|x64
		{918D533C-8324-4167-8551-6336FB5BF271}.Release|x64.Build.0 = Release|x64
		{918D533C-8324-4167-8551-6336FB5BF271}.Release|x86.ActiveCfg = Release|Win32
		{918D533C-8324-4167-8551-6336FB5BF271}.Release|x86.Build.0 = Release|Win32
		{F9C8878A-C0F8-4782-B0A8-89567FF2E712}.Debug|x64.ActiveCfg = Debug|x64
		{F9C8878A-C0F8-4782-B0A8-89567FF2E712}.Debug|x64.Build.0 = Debug|x64
		{F9C8878A-C0F8-4782-B0A8-89567FF2E712}.Debug|x86.ActiveCfg = Debug|Win32
		{F9C8878A-C0F8-4782-B0A8-89567FF2E712}.Debug|x86.Build.0 = Debug|Win32
		{F9C8878A-C0F8-4782-B0A8-89567FF2E712}.Release|x64.ActiveCfg = Release|x64
		{F9C8878A-C0F8-4782-B0A8-89567FF2E712}.Release|x64.Build.0 = Release|x64
		{F9C8878A-C0F8-4782-B0A8-89567FF2E712}.Release|x86.ActiveCfg = Release|Win32
		{F9C8878A-C0F8-4782-B0A8-89567FF2E712}.Release|x86.Build.0 = Release|Win32
		{880E8685-1BD7-4001-8171-25E82DE32A91}.Debug|x64.ActiveCfg = Debug|x64
		{880E8685-1BD7-4001-8171-25E82DE32A91}.Debug|x64.Build.0 = Debug|x64
		{880E8685-1BD7-4001-8171-25E82DE32A91}.Debug|x86.ActiveCfg = Debug|Win32
		{880E8685-1BD7-4001-8171-25E82DE32A91}.Debug|x86.Build.0 = Debug|Win32
		{880E8685-1BD7-4001-8171-25E82DE32A91}.Release|x64.ActiveCfg = Release|x64
		{880E8685-1BD7-4001-8171-25E82DE32A91}.Release|x64.Build.0 = Release|x64
		{880E8685-1BD7-4001-8171-25E82DE32A91}.Release|x86.ActiveCfg = Release|Win32
		{880E8685-1BD7-4001-8171-25E82DE32A91}.Release|x86.Build.0 = Release|Win32
		{91526804-4024-4038-AAB3-67E33D1DD347}.Debug|x64.ActiveCfg = Debug|x64
		{91526804-4024-4038-AAB3-67E33D1DD347}.Debug|x64.Build.0 = Debug|x64
		{91526804-4024-4038-AAB3-67E33D1DD347}.Debug|x86.ActiveCfg = Debug|Win32
		{91526804-4024-4038-AAB3-67E33D1DD347}.Debug|x86.Build.0 = Debug|Win32
		{91526804-4024-4038-AAB3-67E33D1DD347}.Release|x64.ActiveCfg = Release|x64
		{91526804-4024-4038-AAB3-67E33D1DD347}.Release|x64.Build.0 = Release|x64
		{91526804-4024-4038-AAB3-67E33D1DD347}.Release|x86.ActiveCfg = Release|Win32
		{91526804-4024-4038-AAB3-67E33D1DD347}.Release|x86.Build.0 = Release|Win32
		{81A5EB19-2D30-4D1C-A561-51188890A276}.Debug|x64.ActiveCfg = Debug|x64
		{81A5EB19-2D30-4D1C-A561-51188890A276}.Debug|x64.Build.0 = Debug|x64
		{81A5EB19-2D30-4D1C-A561-51188890A276}.Debug|x86.ActiveCfg = Debug|Win32
		{81A5EB19-2D30-4D1C-A561-51188890A276}.Debug|x86.Build.0 = Debug|Win32
		{81A5EB19-2D30-4D1C-A561-51188890A276}.Release|x64.ActiveCfg = Release|x64
		{81A5EB19-2D30-4D1C-A561-51188890A276}.Release|x64.Build.0 = Release|x64
		{81A5EB19-2D30-4D1C-A561-51188890A276}.Release|x86.ActiveCfg = Release|Win32
		{81A5EB19-2D30-4D1C-A561-51188890A276}.Release|x86.Build.0 = Release|Win32
		{B7041541-888F-4E89-909E-E3D41382E26E}.Debug|x64.ActiveCfg = Debug|x64
		{B7041541-888F-4E89-909E-E3D41382E26E}.Debug|x64.Build.0 = Debug|x64
		{B7041541-888F-4E89-909E-E3D41382E26E}.Debug|x86.ActiveCfg = Debug|Win32
		{B7041541-888F-4E89-909E-E3D41382E26E}.Debug|x86.Build.0 = Debug|Win32
		{B7041541-888F-4E89-909E-E3D41382E26E}.Release|x64.ActiveCfg = Release|x64
		{B7041541-888F-4E89-909E-E3D41382E26E}.Release|x64.Build.0 = Release|x64
		{B7041541-888F-4E89-909E-E3D41382E26E}.Release|x86.ActiveCfg = Release|Win32
		{B7041541-888F-4E89-909E-E3D41382E26E}.Release|x86.Build.0 = Release|Win32
		{1F07EBE3-6D07-45F7-B1BE-34E3F32C4F0E}.Debug|x64.ActiveCfg = Debug|x64
		{1F07EBE3-6D07-45F7-B1BE-34E3F32C4F0E}.Debug|x64.Build.0 = Debug|x64
		{1F07EBE3-6D07-45F7-B1BE-34E3F32C4F0E}.Debug|x86.ActiveCfg = Debug|Win32
		{1F07EBE3-6D07-45F7-B1BE-34E3F32C4F0E}.Debug|x86.Build.0 = Debug|Win32
		{1F07EBE3-6D07-45F7-B1BE-34E3F32C4F0E}.Release|x64.ActiveCfg = Release|x64
		{1F07EBE3-6D07-45F7-B1BE-34E3F32C4F0E}.Release|x64.Build.0 = Release|x64
		{1F07EBE3-6D07-45F7-B1BE-34E3F32C4F0E}.Release|x86.ActiveCfg = Release|Win32
		{1F07EBE3-6D07-45F7-B1BE-34E3F32C4F0E}.Release|x86.Build.0 = Release|Win32
	EndGlobalSection
	GlobalSection(SolutionProperties) = preSolution
		HideSolutionNode = FALSE
	EndGlobalSection
EndGlobal
